
Microsoft Visual Studio Solution File, Format Version 12.00
# Visual Studio Version 17
VisualStudioVersion = 17.14.36811.4 d17.14
MinimumVisualStudioVersion = 10.0.40219.1
Project("{FAE04EC0-301F-11D3-BF4B-00C04F79EFBC}") = "TaskForPear", "TaskForPear\TaskForPear.csproj", "{811D7428-1B2F-414F-8579-848D18458E43}"
EndProject
Project("{FAE04EC0-301F-11D3-BF4B-00C04F79EFBC}") = "Data", "Data\Data.csproj", "{7C4BA972-666F-429E-B286-C9F291F4F347}"
EndProject
Project("{FAE04EC0-301F-11D3-BF4B-00C04F79EFBC}") = "Services", "Services\Services.csproj", "{B6C72040-C816-4447-AE46-34F8117C7155}"
EndProject
Global
	GlobalSection(SolutionConfigurationPlatforms) = preSolution
		Debug|Any CPU = Debug|Any CPU
		Release|Any CPU = Release|Any CPU
	EndGlobalSection
	GlobalSection(ProjectConfigurationPlatforms) = postSolution
		{811D7428-1B2F-414F-8579-848D18458E43}.Debug|Any CPU.ActiveCfg = Debug|Any CPU
		{811D7428-1B2F-414F-8579-848D18458E43}.Debug|Any CPU.Build.0 = Debug|Any CPU
		{811D7428-1B2F-414F-8579-848D18458E43}.Release|Any CPU.ActiveCfg = Release|Any CPU
		{811D7428-1B2F-414F-8579-848D18458E43}.Release|Any CPU.Build.0 = Release|Any CPU
		{7C4BA972-666F-429E-B286-C9F291F4F347}.Debug|Any CPU.ActiveCfg = Debug|Any CPU
		{7C4BA972-666F-429E-B286-C9F291F4F347}.Debug|Any CPU.Build.0 = Debug|Any CPU
		{7C4BA972-666F-429E-B286-C9F291F4F347}.Release|Any CPU.ActiveCfg = Release|Any CPU
		{7C4BA972-666F-429E-B286-C9F291F4F347}.Release|Any CPU.Build.0 = Release|Any CPU
		{B6C72040-C816-4447-AE46-34F8117C7155}.Debug|Any CPU.ActiveCfg = Debug|Any CPU
		{B6C72040-C816-4447-AE46-34F8117C7155}.Debug|Any CPU.Build.0 = Debug|Any CPU
		{B6C72040-C816-4447-AE46-34F8117C7155}.Release|Any CPU.ActiveCfg = Release|Any CPU
		{B6C72040-C816-4447-AE46-34F8117C7155}.Release|Any CPU.Build.0 = Release|Any CPU
	EndGlobalSection
	GlobalSection(SolutionProperties) = preSolution
		HideSolutionNode = FALSE
	EndGlobalSection
	GlobalSection(ExtensibilityGlobals) = postSolution
		SolutionGuid = {24F47390-FF44-453B-8637-512579AF70FC}
	EndGlobalSection
EndGlobal
